
Microsoft Visual Studio Solution File, Format Version 12.00
# Visual Studio 14
VisualStudioVersion = 14.0.25420.1
MinimumVisualStudioVersion = 10.0.40219.1
Project("{FAE04EC0-301F-11D3-BF4B-00C04F79EFBC}") = "PorterDuffCompositing", "PorterDuffCompositing\PorterDuffCompositing.csproj", "{CC393CE0-62F5-461D-AAD8-CB0F6D999AF3}"
EndProject
Global
	GlobalSection(SolutionConfigurationPlatforms) = preSolution
		Debug|Any CPU = Debug|Any CPU
		Release|Any CPU = Release|Any CPU
	EndGlobalSection
	GlobalSection(ProjectConfigurationPlatforms) = postSolution
		{CC393CE0-62F5-461D-AAD8-CB0F6D999AF3}.Debug|Any CPU.ActiveCfg = Debug|Any CPU
		{CC393CE0-62F5-461D-AAD8-CB0F6D999AF3}.Debug|Any CPU.Build.0 = Debug|Any CPU
		{CC393CE0-62F5-461D-AAD8-CB0F6D999AF3}.Release|Any CPU.ActiveCfg = Release|Any CPU
		{CC393CE0-62F5-461D-AAD8-CB0F6D999AF3}.Release|Any CPU.Build.0 = Release|Any CPU
	EndGlobalSection
	GlobalSection(SolutionProperties) = preSolution
		HideSolutionNode = FALSE
	EndGlobalSection
EndGlobal
